
Microsoft Visual Studio Solution File, Format Version 12.00
# Visual Studio 15
VisualStudioVersion = 15.0.28307.329
MinimumVisualStudioVersion = 10.0.40219.1
Project("{9A19103F-16F7-4668-BE54-9A1E7A4F7556}") = "Dominio", "Dominio\Dominio.csproj", "{61E18BC3-0D16-4AC0-950F-5004780620EF}"
EndProject
Project("{9A19103F-16F7-4668-BE54-9A1E7A4F7556}") = "Persistencia", "Persistencia\Persistencia.csproj", "{5C4B6B64-B158-4295-8109-9335E87DC543}"
EndProject
Project("{FAE04EC0-301F-11D3-BF4B-00C04F79EFBC}") = "MVC", "MVC\MVC.csproj", "{C75931D6-C767-4D4B-B13F-47C51FEB9108}"
EndProject
Project("{FAE04EC0-301F-11D3-BF4B-00C04F79EFBC}") = "Fachada", "ClassLibrary1\Fachada.csproj", "{95CE019F-0DB9-49CE-B848-489C21A81E7F}"
EndProject
Global
	GlobalSection(SolutionConfigurationPlatforms) = preSolution
		Debug|Any CPU = Debug|Any CPU
		Debug|ARM = Debug|ARM
		Debug|ARM64 = Debug|ARM64
		Debug|x64 = Debug|x64
		Debug|x86 = Debug|x86
		Release|Any CPU = Release|Any CPU
		Release|ARM = Release|ARM
		Release|ARM64 = Release|ARM64
		Release|x64 = Release|x64
		Release|x86 = Release|x86
	EndGlobalSection
	GlobalSection(ProjectConfigurationPlatforms) = postSolution
		{61E18BC3-0D16-4AC0-950F-5004780620EF}.Debug|Any CPU.ActiveCfg = Debug|Any CPU
		{61E18BC3-0D16-4AC0-950F-5004780620EF}.Debug|Any CPU.Build.0 = Debug|Any CPU
		{61E18BC3-0D16-4AC0-950F-5004780620EF}.Debug|ARM.ActiveCfg = Debug|Any CPU
		{61E18BC3-0D16-4AC0-950F-5004780620EF}.Debug|ARM.Build.0 = Debug|Any CPU
		{61E18BC3-0D16-4AC0-950F-5004780620EF}.Debug|ARM64.ActiveCfg = Debug|Any CPU
		{61E18BC3-0D16-4AC0-950F-5004780620EF}.Debug|ARM64.Build.0 = Debug|Any CPU
		{61E18BC3-0D16-4AC0-950F-5004780620EF}.Debug|x64.ActiveCfg = Debug|Any CPU
		{61E18BC3-0D16-4AC0-950F-5004780620EF}.Debug|x64.Build.0 = Debug|Any CPU
		{61E18BC3-0D16-4AC0-950F-5004780620EF}.Debug|x86.ActiveCfg = Debug|Any CPU
		{61E18BC3-0D16-4AC0-950F-5004780620EF}.Debug|x86.Build.0 = Debug|Any CPU
		{61E18BC3-0D16-4AC0-950F-5004780620EF}.Release|Any CPU.ActiveCfg = Release|Any CPU
		{61E18BC3-0D16-4AC0-950F-5004780620EF}.Release|Any CPU.Build.0 = Release|Any CPU
		{61E18BC3-0D16-4AC0-950F-5004780620EF}.Release|ARM.ActiveCfg = Release|Any CPU
		{61E18BC3-0D16-4AC0-950F-5004780620EF}.Release|ARM.Build.0 = Release|Any CPU
		{61E18BC3-0D16-4AC0-950F-5004780620EF}.Release|ARM64.ActiveCfg = Release|Any CPU
		{61E18BC3-0D16-4AC0-950F-5004780620EF}.Release|ARM64.Build.0 = Release|Any CPU
		{61E18BC3-0D16-4AC0-950F-5004780620EF}.Release|x64.ActiveCfg = Release|Any CPU
		{61E18BC3-0D16-4AC0-950F-5004780620EF}.Release|x64.Build.0 = Release|Any CPU
		{61E18BC3-0D16-4AC0-950F-5004780620EF}.Release|x86.ActiveCfg = Release|Any CPU
		{61E18BC3-0D16-4AC0-950F-5004780620EF}.Release|x86.Build.0 = Release|Any CPU
		{5C4B6B64-B158-4295-8109-9335E87DC543}.Debug|Any CPU.ActiveCfg = Debug|Any CPU
		{5C4B6B64-B158-4295-8109-9335E87DC543}.Debug|Any CPU.Build.0 = Debug|Any CPU
		{5C4B6B64-B158-4295-8109-9335E87DC543}.Debug|ARM.ActiveCfg = Debug|Any CPU
		{5C4B6B64-B158-4295-8109-9335E87DC543}.Debug|ARM.Build.0 = Debug|Any CPU
		{5C4B6B64-B158-4295-8109-9335E87DC543}.Debug|ARM64.ActiveCfg = Debug|Any CPU
		{5C4B6B64-B158-4295-8109-9335E87DC543}.Debug|ARM64.Build.0 = Debug|Any CPU
		{5C4B6B64-B158-4295-8109-9335E87DC543}.Debug|x64.ActiveCfg = Debug|Any CPU
		{5C4B6B64-B158-4295-8109-9335E87DC543}.Debug|x64.Build.0 = Debug|Any CPU
		{5C4B6B64-B158-4295-8109-9335E87DC543}.Debug|x86.ActiveCfg = Debug|Any CPU
		{5C4B6B64-B158-4295-8109-9335E87DC543}.Debug|x86.Build.0 = Debug|Any CPU
		{5C4B6B64-B158-4295-8109-9335E87DC543}.Release|Any CPU.ActiveCfg = Release|Any CPU
		{5C4B6B64-B158-4295-8109-9335E87DC543}.Release|Any CPU.Build.0 = Release|Any CPU
		{5C4B6B64-B158-4295-8109-9335E87DC543}.Release|ARM.ActiveCfg = Release|Any CPU
		{5C4B6B64-B158-4295-8109-9335E87DC543}.Release|ARM.Build.0 = Release|Any CPU
		{5C4B6B64-B158-4295-8109-9335E87DC543}.Release|ARM64.ActiveCfg = Release|Any CPU
		{5C4B6B64-B158-4295-8109-9335E87DC543}.Release|ARM64.Build.0 = Release|Any CPU
		{5C4B6B64-B158-4295-8109-9335E87DC543}.Release|x64.ActiveCfg = Release|Any CPU
		{5C4B6B64-B158-4295-8109-9335E87DC543}.Release|x64.Build.0 = Release|Any CPU
		{5C4B6B64-B158-4295-8109-9335E87DC543}.Release|x86.ActiveCfg = Release|Any CPU
		{5C4B6B64-B158-4295-8109-9335E87DC543}.Release|x86.Build.0 = Release|Any CPU
		{C75931D6-C767-4D4B-B13F-47C51FEB9108}.Debug|Any CPU.ActiveCfg = Debug|Any CPU
		{C75931D6-C767-4D4B-B13F-47C51FEB9108}.Debug|Any CPU.Build.0 = Debug|Any CPU
		{C75931D6-C767-4D4B-B13F-47C51FEB9108}.Debug|ARM.ActiveCfg = Debug|Any CPU
		{C75931D6-C767-4D4B-B13F-47C51FEB9108}.Debug|ARM.Build.0 = Debug|Any CPU
		{C75931D6-C767-4D4B-B13F-47C51FEB9108}.Debug|ARM64.ActiveCfg = Debug|Any CPU
		{C75931D6-C767-4D4B-B13F-47C51FEB9108}.Debug|ARM64.Build.0 = Debug|Any CPU
		{C75931D6-C767-4D4B-B13F-47C51FEB9108}.Debug|x64.ActiveCfg = Debug|Any CPU
		{C75931D6-C767-4D4B-B13F-47C51FEB9108}.Debug|x64.Build.0 = Debug|Any CPU
		{C75931D6-C767-4D4B-B13F-47C51FEB9108}.Debug|x86.ActiveCfg = Debug|Any CPU
		{C75931D6-C767-4D4B-B13F-47C51FEB9108}.Debug|x86.Build.0 = Debug|Any CPU
		{C75931D6-C767-4D4B-B13F-47C51FEB9108}.Release|Any CPU.ActiveCfg = Release|Any CPU
		{C75931D6-C767-4D4B-B13F-47C51FEB9108}.Release|Any CPU.Build.0 = Release|Any CPU
		{C75931D6-C767-4D4B-B13F-47C51FEB9108}.Release|ARM.ActiveCfg = Release|Any CPU
		{C75931D6-C767-4D4B-B13F-47C51FEB9108}.Release|ARM.Build.0 = Release|Any CPU
		{C75931D6-C767-4D4B-B13F-47C51FEB9108}.Release|ARM64.ActiveCfg = Release|Any CPU
		{C75931D6-C767-4D4B-B13F-47C51FEB9108}.Release|ARM64.Build.0 = Release|Any CPU
		{C75931D6-C767-4D4B-B13F-47C51FEB9108}.Release|x64.ActiveCfg = Release|Any CPU
		{C75931D6-C767-4D4B-B13F-47C51FEB9108}.Release|x64.Build.0 = Release|Any CPU
		{C75931D6-C767-4D4B-B13F-47C51FEB9108}.Release|x86.ActiveCfg = Release|Any CPU
		{C75931D6-C767-4D4B-B13F-47C51FEB9108}.Release|x86.Build.0 = Release|Any CPU
		{95CE019F-0DB9-49CE-B848-489C21A81E7F}.Debug|Any CPU.ActiveCfg = Debug|Any CPU
		{95CE019F-0DB9-49CE-B848-489C21A81E7F}.Debug|Any CPU.Build.0 = Debug|Any CPU
		{95CE019F-0DB9-49CE-B848-489C21A81E7F}.Debug|ARM.ActiveCfg = Debug|Any CPU
		{95CE019F-0DB9-49CE-B848-489C21A81E7F}.Debug|ARM.Build.0 = Debug|Any CPU
		{95CE019F-0DB9-49CE-B848-489C21A81E7F}.Debug|ARM64.ActiveCfg = Debug|Any CPU
		{95CE019F-0DB9-49CE-B848-489C21A81E7F}.Debug|ARM64.Build.0 = Debug|Any CPU
		{95CE019F-0DB9-49CE-B848-489C21A81E7F}.Debug|x64.ActiveCfg = Debug|Any CPU
		{95CE019F-0DB9-49CE-B848-489C21A81E7F}.Debug|x64.Build.0 = Debug|Any CPU
		{95CE019F-0DB9-49CE-B848-489C21A81E7F}.Debug|x86.ActiveCfg = Debug|Any CPU
		{95CE019F-0DB9-49CE-B848-489C21A81E7F}.Debug|x86.Build.0 = Debug|Any CPU
		{95CE019F-0DB9-49CE-B848-489C21A81E7F}.Release|Any CPU.ActiveCfg = Release|Any CPU
		{95CE019F-0DB9-49CE-B848-489C21A81E7F}.Release|Any CPU.Build.0 = Release|Any CPU
		{95CE019F-0DB9-49CE-B848-489C21A81E7F}.Release|ARM.ActiveCfg = Release|Any CPU
		{95CE019F-0DB9-49CE-B848-489C21A81E7F}.Release|ARM.Build.0 = Release|Any CPU
		{95CE019F-0DB9-49CE-B848-489C21A81E7F}.Release|ARM64.ActiveCfg = Release|Any CPU
		{95CE019F-0DB9-49CE-B848-489C21A81E7F}.Release|ARM64.Build.0 = Release|Any CPU
		{95CE019F-0DB9-49CE-B848-489C21A81E7F}.Release|x64.ActiveCfg = Release|Any CPU
		{95CE019F-0DB9-49CE-B848-489C21A81E7F}.Release|x64.Build.0 = Release|Any CPU
		{95CE019F-0DB9-49CE-B848-489C21A81E7F}.Release|x86.ActiveCfg = Release|Any CPU
		{95CE019F-0DB9-49CE-B848-489C21A81E7F}.Release|x86.Build.0 = Release|Any CPU
	EndGlobalSection
	GlobalSection(SolutionProperties) = preSolution
		HideSolutionNode = FALSE
	EndGlobalSection
	GlobalSection(ExtensibilityGlobals) = postSolution
		SolutionGuid = {DB107E01-BABB-4301-88E4-C90E7A492D23}
	EndGlobalSection
EndGlobal
